
Microsoft Visual Studio Solution File, Format Version 12.00
# Visual Studio 15
VisualStudioVersion = 15.0.28307.168
MinimumVisualStudioVersion = 10.0.40219.1
Project("{FAE04EC0-301F-11D3-BF4B-00C04F79EFBC}") = "Class53", "Class53\Class53.csproj", "{35F7A906-D3AB-41BA-91FA-8E57ECAA4878}"
EndProject
Global
	GlobalSection(SolutionConfigurationPlatforms) = preSolution
		Debug|Any CPU = Debug|Any CPU
		Release|Any CPU = Release|Any CPU
	EndGlobalSection
	GlobalSection(ProjectConfigurationPlatforms) = postSolution
		{35F7A906-D3AB-41BA-91FA-8E57ECAA4878}.Debug|Any CPU.ActiveCfg = Debug|Any CPU
		{35F7A906-D3AB-41BA-91FA-8E57ECAA4878}.Debug|Any CPU.Build.0 = Debug|Any CPU
		{35F7A906-D3AB-41BA-91FA-8E57ECAA4878}.Release|Any CPU.ActiveCfg = Release|Any CPU
		{35F7A906-D3AB-41BA-91FA-8E57ECAA4878}.Release|Any CPU.Build.0 = Release|Any CPU
	EndGlobalSection
	GlobalSection(SolutionProperties) = preSolution
		HideSolutionNode = FALSE
	EndGlobalSection
	GlobalSection(ExtensibilityGlobals) = postSolution
		SolutionGuid = {B17548F5-69D4-4A1F-AC89-CCF6650B3A1D}
	EndGlobalSection
EndGlobal
